
Microsoft Visual Studio Solution File, Format Version 12.00
# Visual Studio Version 16
VisualStudioVersion = 16.0.31321.278
MinimumVisualStudioVersion = 10.0.40219.1
Project("{9A19103F-16F7-4668-BE54-9A1E7A4F7556}") = "CommonV5", "CommonV5\CommonV5.csproj", "{86B2B7B1-1851-4C0A-8498-3CAA7FD5EF99}"
EndProject
Project("{9A19103F-16F7-4668-BE54-9A1E7A4F7556}") = "WinForms", "WinForms\WinForms.csproj", "{30A7B933-DE60-4A66-AD0B-940DC9F626E5}"
EndProject
Project("{2150E333-8FDC-42A3-9474-1A3956D46DE8}") = "Solution Items", "Solution Items", "{ECEC70DA-A9CB-40AC-8761-297561CA85A7}"
	ProjectSection(SolutionItems) = preProject
		README.md = README.md
	EndProjectSection
EndProject
Project("{9A19103F-16F7-4668-BE54-9A1E7A4F7556}") = "ConsoleApp", "ConsoleApp\ConsoleApp.csproj", "{B86C6AD2-3840-4E3B-A751-1266CC4826E7}"
EndProject
Project("{FAE04EC0-301F-11D3-BF4B-00C04F79EFBC}") = "WebApplication", "WebApplication\WebApplication.csproj", "{87D42A3C-73B0-4702-BEFB-07269B4C9D70}"
EndProject
Global
	GlobalSection(SolutionConfigurationPlatforms) = preSolution
		Debug|Any CPU = Debug|Any CPU
		Release|Any CPU = Release|Any CPU
	EndGlobalSection
	GlobalSection(ProjectConfigurationPlatforms) = postSolution
		{86B2B7B1-1851-4C0A-8498-3CAA7FD5EF99}.Debug|Any CPU.ActiveCfg = Debug|Any CPU
		{86B2B7B1-1851-4C0A-8498-3CAA7FD5EF99}.Debug|Any CPU.Build.0 = Debug|Any CPU
		{86B2B7B1-1851-4C0A-8498-3CAA7FD5EF99}.Release|Any CPU.ActiveCfg = Release|Any CPU
		{86B2B7B1-1851-4C0A-8498-3CAA7FD5EF99}.Release|Any CPU.Build.0 = Release|Any CPU
		{30A7B933-DE60-4A66-AD0B-940DC9F626E5}.Debug|Any CPU.ActiveCfg = Debug|Any CPU
		{30A7B933-DE60-4A66-AD0B-940DC9F626E5}.Debug|Any CPU.Build.0 = Debug|Any CPU
		{30A7B933-DE60-4A66-AD0B-940DC9F626E5}.Release|Any CPU.ActiveCfg = Release|Any CPU
		{30A7B933-DE60-4A66-AD0B-940DC9F626E5}.Release|Any CPU.Build.0 = Release|Any CPU
		{B86C6AD2-3840-4E3B-A751-1266CC4826E7}.Debug|Any CPU.ActiveCfg = Debug|Any CPU
		{B86C6AD2-3840-4E3B-A751-1266CC4826E7}.Debug|Any CPU.Build.0 = Debug|Any CPU
		{B86C6AD2-3840-4E3B-A751-1266CC4826E7}.Release|Any CPU.ActiveCfg = Release|Any CPU
		{B86C6AD2-3840-4E3B-A751-1266CC4826E7}.Release|Any CPU.Build.0 = Release|Any CPU
		{87D42A3C-73B0-4702-BEFB-07269B4C9D70}.Debug|Any CPU.ActiveCfg = Debug|Any CPU
		{87D42A3C-73B0-4702-BEFB-07269B4C9D70}.Debug|Any CPU.Build.0 = Debug|Any CPU
		{87D42A3C-73B0-4702-BEFB-07269B4C9D70}.Release|Any CPU.ActiveCfg = Release|Any CPU
		{87D42A3C-73B0-4702-BEFB-07269B4C9D70}.Release|Any CPU.Build.0 = Release|Any CPU
	EndGlobalSection
	GlobalSection(SolutionProperties) = preSolution
		HideSolutionNode = FALSE
	EndGlobalSection
	GlobalSection(ExtensibilityGlobals) = postSolution
		SolutionGuid = {76103F39-6621-4227-9B6A-DA97B6444947}
	EndGlobalSection
EndGlobal
